// !$*UTF8*$!
{
	archiveVersion = 1;
	classes = {
	};
	objectVersion = 55;
	objects = {

/* Begin PBXBuildFile section */
		F85704F4280E3CBC00DEA9D2 /* Extensions.swift in Sources */ = {isa = PBXBuildFile; fileRef = F85704F3280E3CBC00DEA9D2 /* Extensions.swift */; };
		F8830A4A280E2375004090AC /* AppDelegate.swift in Sources */ = {isa = PBXBuildFile; fileRef = F8830A49280E2375004090AC /* AppDelegate.swift */; };
		F8830A4C280E2375004090AC /* SceneDelegate.swift in Sources */ = {isa = PBXBuildFile; fileRef = F8830A4B280E2375004090AC /* SceneDelegate.swift */; };
		F8830A4E280E2375004090AC /* ConversationsViewController.swift in Sources */ = {isa = PBXBuildFile; fileRef = F8830A4D280E2375004090AC /* ConversationsViewController.swift */; };
		F8830A51280E2375004090AC /* Main.storyboard in Resources */ = {isa = PBXBuildFile; fileRef = F8830A4F280E2375004090AC /* Main.storyboard */; };
		F8830A53280E2377004090AC /* Assets.xcassets in Resources */ = {isa = PBXBuildFile; fileRef = F8830A52280E2377004090AC /* Assets.xcassets */; };
		F8830A56280E2377004090AC /* LaunchScreen.storyboard in Resources */ = {isa = PBXBuildFile; fileRef = F8830A54280E2377004090AC /* LaunchScreen.storyboard */; };
		F8830A66280E2C36004090AC /* LoginViewController.swift in Sources */ = {isa = PBXBuildFile; fileRef = F8830A65280E2C36004090AC /* LoginViewController.swift */; };
		F8830A68280E2C4F004090AC /* RegisterViewController.swift in Sources */ = {isa = PBXBuildFile; fileRef = F8830A67280E2C4F004090AC /* RegisterViewController.swift */; };
		F8830A6A280E2C84004090AC /* PhotoViewerViewController.swift in Sources */ = {isa = PBXBuildFile; fileRef = F8830A69280E2C84004090AC /* PhotoViewerViewController.swift */; };
		F8830A6C280E2C96004090AC /* VideoPlayerViewController.swift in Sources */ = {isa = PBXBuildFile; fileRef = F8830A6B280E2C96004090AC /* VideoPlayerViewController.swift */; };
		F8830A6E280E2CC6004090AC /* NewConversationViewController.swift in Sources */ = {isa = PBXBuildFile; fileRef = F8830A6D280E2CC6004090AC /* NewConversationViewController.swift */; };
		F8830A70280E2CE3004090AC /* ProfileViewController.swift in Sources */ = {isa = PBXBuildFile; fileRef = F8830A6F280E2CE3004090AC /* ProfileViewController.swift */; };
/* End PBXBuildFile section */

/* Begin PBXFileReference section */
		F85704F3280E3CBC00DEA9D2 /* Extensions.swift */ = {isa = PBXFileReference; lastKnownFileType = sourcecode.swift; path = Extensions.swift; sourceTree = "<group>"; };
		F8830A46280E2375004090AC /* Messager-Native-Device.app */ = {isa = PBXFileReference; explicitFileType = wrapper.application; includeInIndex = 0; path = "Messager-Native-Device.app"; sourceTree = BUILT_PRODUCTS_DIR; };
		F8830A49280E2375004090AC /* AppDelegate.swift */ = {isa = PBXFileReference; lastKnownFileType = sourcecode.swift; path = AppDelegate.swift; sourceTree = "<group>"; };
		F8830A4B280E2375004090AC /* SceneDelegate.swift */ = {isa = PBXFileReference; lastKnownFileType = sourcecode.swift; path = SceneDelegate.swift; sourceTree = "<group>"; };
		F8830A4D280E2375004090AC /* ConversationsViewController.swift */ = {isa = PBXFileReference; lastKnownFileType = sourcecode.swift; path = ConversationsViewController.swift; sourceTree = "<group>"; };
		F8830A50280E2375004090AC /* Base */ = {isa = PBXFileReference; lastKnownFileType = file.storyboard; name = Base; path = Base.lproj/Main.storyboard; sourceTree = "<group>"; };
		F8830A52280E2377004090AC /* Assets.xcassets */ = {isa = PBXFileReference; lastKnownFileType = folder.assetcatalog; path = Assets.xcassets; sourceTree = "<group>"; };
		F8830A55280E2377004090AC /* Base */ = {isa = PBXFileReference; lastKnownFileType = file.storyboard; name = Base; path = Base.lproj/LaunchScreen.storyboard; sourceTree = "<group>"; };
		F8830A57280E2377004090AC /* Info.plist */ = {isa = PBXFileReference; lastKnownFileType = text.plist.xml; path = Info.plist; sourceTree = "<group>"; };
		F8830A65280E2C36004090AC /* LoginViewController.swift */ = {isa = PBXFileReference; lastKnownFileType = sourcecode.swift; path = LoginViewController.swift; sourceTree = "<group>"; };
		F8830A67280E2C4F004090AC /* RegisterViewController.swift */ = {isa = PBXFileReference; lastKnownFileType = sourcecode.swift; path = RegisterViewController.swift; sourceTree = "<group>"; };
		F8830A69280E2C84004090AC /* PhotoViewerViewController.swift */ = {isa = PBXFileReference; lastKnownFileType = sourcecode.swift; path = PhotoViewerViewController.swift; sourceTree = "<group>"; };
		F8830A6B280E2C96004090AC /* VideoPlayerViewController.swift */ = {isa = PBXFileReference; lastKnownFileType = sourcecode.swift; path = VideoPlayerViewController.swift; sourceTree = "<group>"; };
		F8830A6D280E2CC6004090AC /* NewConversationViewController.swift */ = {isa = PBXFileReference; lastKnownFileType = sourcecode.swift; path = NewConversationViewController.swift; sourceTree = "<group>"; };
		F8830A6F280E2CE3004090AC /* ProfileViewController.swift */ = {isa = PBXFileReference; lastKnownFileType = sourcecode.swift; path = ProfileViewController.swift; sourceTree = "<group>"; };
/* End PBXFileReference section */

/* Begin PBXFrameworksBuildPhase section */
		F8830A43280E2375004090AC /* Frameworks */ = {
			isa = PBXFrameworksBuildPhase;
			buildActionMask = 2147483647;
			files = (
			);
			runOnlyForDeploymentPostprocessing = 0;
		};
/* End PBXFrameworksBuildPhase section */

/* Begin PBXGroup section */
		F85704F2280E357F00DEA9D2 /* Login */ = {
			isa = PBXGroup;
			children = (
				F8830A65280E2C36004090AC /* LoginViewController.swift */,
				F8830A67280E2C4F004090AC /* RegisterViewController.swift */,
			);
			name = Login;
			sourceTree = "<group>";
		};
		F8830A3D280E2375004090AC = {
			isa = PBXGroup;
			children = (
				F8830A48280E2375004090AC /* Messager-Native-Device */,
				F8830A47280E2375004090AC /* Products */,
			);
			sourceTree = "<group>";
		};
		F8830A47280E2375004090AC /* Products */ = {
			isa = PBXGroup;
			children = (
				F8830A46280E2375004090AC /* Messager-Native-Device.app */,
			);
			name = Products;
			sourceTree = "<group>";
		};
		F8830A48280E2375004090AC /* Messager-Native-Device */ = {
			isa = PBXGroup;
			children = (
				F8830A61280E29D8004090AC /* Resources */,
				F8830A60280E29D0004090AC /* ViewModels */,
				F8830A5F280E29CA004090AC /* Models */,
				F8830A5E280E29C2004090AC /* Views */,
				F8830A5D280E29B4004090AC /* Controllers */,
				F8830A57280E2377004090AC /* Info.plist */,
			);
			path = "Messager-Native-Device";
			sourceTree = "<group>";
		};
		F8830A5D280E29B4004090AC /* Controllers */ = {
			isa = PBXGroup;
			children = (
				F8830A4D280E2375004090AC /* ConversationsViewController.swift */,
				F85704F2280E357F00DEA9D2 /* Login */,
				F8830A69280E2C84004090AC /* PhotoViewerViewController.swift */,
				F8830A6B280E2C96004090AC /* VideoPlayerViewController.swift */,
				F8830A6D280E2CC6004090AC /* NewConversationViewController.swift */,
				F8830A6F280E2CE3004090AC /* ProfileViewController.swift */,
			);
			path = Controllers;
			sourceTree = "<group>";
		};
		F8830A5E280E29C2004090AC /* Views */ = {
			isa = PBXGroup;
			children = (
				F8830A62280E2A3E004090AC /* Storyboards */,
				F8830A52280E2377004090AC /* Assets.xcassets */,
			);
			path = Views;
			sourceTree = "<group>";
		};
		F8830A5F280E29CA004090AC /* Models */ = {
			isa = PBXGroup;
			children = (
			);
			path = Models;
			sourceTree = "<group>";
		};
		F8830A60280E29D0004090AC /* ViewModels */ = {
			isa = PBXGroup;
			children = (
			);
			path = ViewModels;
			sourceTree = "<group>";
		};
		F8830A61280E29D8004090AC /* Resources */ = {
			isa = PBXGroup;
			children = (
				F8830A49280E2375004090AC /* AppDelegate.swift */,
				F8830A4B280E2375004090AC /* SceneDelegate.swift */,
				F85704F3280E3CBC00DEA9D2 /* Extensions.swift */,
			);
			path = Resources;
			sourceTree = "<group>";
		};
		F8830A62280E2A3E004090AC /* Storyboards */ = {
			isa = PBXGroup;
			children = (
				F8830A4F280E2375004090AC /* Main.storyboard */,
				F8830A54280E2377004090AC /* LaunchScreen.storyboard */,
			);
			path = Storyboards;
			sourceTree = "<group>";
		};
/* End PBXGroup section */

/* Begin PBXNativeTarget section */
		F8830A45280E2375004090AC /* Messager-Native-Device */ = {
			isa = PBXNativeTarget;
			buildConfigurationList = F8830A5A280E2377004090AC /* Build configuration list for PBXNativeTarget "Messager-Native-Device" */;
			buildPhases = (
				F8830A42280E2375004090AC /* Sources */,
				F8830A43280E2375004090AC /* Frameworks */,
				F8830A44280E2375004090AC /* Resources */,
			);
			buildRules = (
			);
			dependencies = (
			);
			name = "Messager-Native-Device";
			productName = "Messager-Native-Device";
			productReference = F8830A46280E2375004090AC /* Messager-Native-Device.app */;
			productType = "com.apple.product-type.application";
		};
/* End PBXNativeTarget section */

/* Begin PBXProject section */
		F8830A3E280E2375004090AC /* Project object */ = {
			isa = PBXProject;
			attributes = {
				BuildIndependentTargetsInParallel = 1;
				LastSwiftUpdateCheck = 1320;
				LastUpgradeCheck = 1320;
				TargetAttributes = {
					F8830A45280E2375004090AC = {
						CreatedOnToolsVersion = 13.2.1;
					};
				};
			};
			buildConfigurationList = F8830A41280E2375004090AC /* Build configuration list for PBXProject "Messager-Native-Device" */;
			compatibilityVersion = "Xcode 13.0";
			developmentRegion = en;
			hasScannedForEncodings = 0;
			knownRegions = (
				en,
				Base,
			);
			mainGroup = F8830A3D280E2375004090AC;
			productRefGroup = F8830A47280E2375004090AC /* Products */;
			projectDirPath = "";
			projectRoot = "";
			targets = (
				F8830A45280E2375004090AC /* Messager-Native-Device */,
			);
		};
/* End PBXProject section */

/* Begin PBXResourcesBuildPhase section */
		F8830A44280E2375004090AC /* Resources */ = {
			isa = PBXResourcesBuildPhase;
			buildActionMask = 2147483647;
			files = (
				F8830A56280E2377004090AC /* LaunchScreen.storyboard in Resources */,
				F8830A53280E2377004090AC /* Assets.xcassets in Resources */,
				F8830A51280E2375004090AC /* Main.storyboard in Resources */,
			);
			runOnlyForDeploymentPostprocessing = 0;
		};
/* End PBXResourcesBuildPhase section */

/* Begin PBXSourcesBuildPhase section */
		F8830A42280E2375004090AC /* Sources */ = {
			isa = PBXSourcesBuildPhase;
			buildActionMask = 2147483647;
			files = (
				F8830A66280E2C36004090AC /* LoginViewController.swift in Sources */,
				F8830A68280E2C4F004090AC /* RegisterViewController.swift in Sources */,
				F8830A6E280E2CC6004090AC /* NewConversationViewController.swift in Sources */,
				F8830A4E280E2375004090AC /* ConversationsViewController.swift in Sources */,
				F8830A6C280E2C96004090AC /* VideoPlayerViewController.swift in Sources */,
				F85704F4280E3CBC00DEA9D2 /* Extensions.swift in Sources */,
				F8830A4A280E2375004090AC /* AppDelegate.swift in Sources */,
				F8830A70280E2CE3004090AC /* ProfileViewController.swift in Sources */,
				F8830A4C280E2375004090AC /* SceneDelegate.swift in Sources */,
				F8830A6A280E2C84004090AC /* PhotoViewerViewController.swift in Sources */,
			);
			runOnlyForDeploymentPostprocessing = 0;
		};
/* End PBXSourcesBuildPhase section */

/* Begin PBXVariantGroup section */
		F8830A4F280E2375004090AC /* Main.storyboard */ = {
			isa = PBXVariantGroup;
			children = (
				F8830A50280E2375004090AC /* Base */,
			);
			name = Main.storyboard;
			sourceTree = "<group>";
		};
		F8830A54280E2377004090AC /* LaunchScreen.storyboard */ = {
			isa = PBXVariantGroup;
			children = (
				F8830A55280E2377004090AC /* Base */,
			);
			name = LaunchScreen.storyboard;
			sourceTree = "<group>";
		};
/* End PBXVariantGroup section */

/* Begin XCBuildConfiguration section */
		F8830A58280E2377004090AC /* Debug */ = {
			isa = XCBuildConfiguration;
			buildSettings = {
				ALWAYS_SEARCH_USER_PATHS = NO;
				CLANG_ANALYZER_NONNULL = YES;
				CLANG_ANALYZER_NUMBER_OBJECT_CONVERSION = YES_AGGRESSIVE;
				CLANG_CXX_LANGUAGE_STANDARD = "gnu++17";
				CLANG_CXX_LIBRARY = "libc++";
				CLANG_ENABLE_MODULES = YES;
				CLANG_ENABLE_OBJC_ARC = YES;
				CLANG_ENABLE_OBJC_WEAK = YES;
				CLANG_WARN_BLOCK_CAPTURE_AUTORELEASING = YES;
				CLANG_WARN_BOOL_CONVERSION = YES;
				CLANG_WARN_COMMA = YES;
				CLANG_WARN_CONSTANT_CONVERSION = YES;
				CLANG_WARN_DEPRECATED_OBJC_IMPLEMENTATIONS = YES;
				CLANG_WARN_DIRECT_OBJC_ISA_USAGE = YES_ERROR;
				CLANG_WARN_DOCUMENTATION_COMMENTS = YES;
				CLANG_WARN_EMPTY_BODY = YES;
				CLANG_WARN_ENUM_CONVERSION = YES;
				CLANG_WARN_INFINITE_RECURSION = YES;
				CLANG_WARN_INT_CONVERSION = YES;
				CLANG_WARN_NON_LITERAL_NULL_CONVERSION = YES;
				CLANG_WARN_OBJC_IMPLICIT_RETAIN_SELF = YES;
				CLANG_WARN_OBJC_LITERAL_CONVERSION = YES;
				CLANG_WARN_OBJC_ROOT_CLASS = YES_ERROR;
				CLANG_WARN_QUOTED_INCLUDE_IN_FRAMEWORK_HEADER = YES;
				CLANG_WARN_RANGE_LOOP_ANALYSIS = YES;
				CLANG_WARN_STRICT_PROTOTYPES = YES;
				CLANG_WARN_SUSPICIOUS_MOVE = YES;
				CLANG_WARN_UNGUARDED_AVAILABILITY = YES_AGGRESSIVE;
				CLANG_WARN_UNREACHABLE_CODE = YES;
				CLANG_WARN__DUPLICATE_METHOD_MATCH = YES;
				COPY_PHASE_STRIP = NO;
				DEBUG_INFORMATION_FORMAT = dwarf;
				ENABLE_STRICT_OBJC_MSGSEND = YES;
				ENABLE_TESTABILITY = YES;
				GCC_C_LANGUAGE_STANDARD = gnu11;
				GCC_DYNAMIC_NO_PIC = NO;
				GCC_NO_COMMON_BLOCKS = YES;
				GCC_OPTIMIZATION_LEVEL = 0;
				GCC_PREPROCESSOR_DEFINITIONS = (
					"DEBUG=1",
					"$(inherited)",
				);
				GCC_WARN_64_TO_32_BIT_CONVERSION = YES;
				GCC_WARN_ABOUT_RETURN_TYPE = YES_ERROR;
				GCC_WARN_UNDECLARED_SELECTOR = YES;
				GCC_WARN_UNINITIALIZED_AUTOS = YES_AGGRESSIVE;
				GCC_WARN_UNUSED_FUNCTION = YES;
				GCC_WARN_UNUSED_VARIABLE = YES;
				IPHONEOS_DEPLOYMENT_TARGET = 15.2;
				MTL_ENABLE_DEBUG_INFO = INCLUDE_SOURCE;
				MTL_FAST_MATH = YES;
				ONLY_ACTIVE_ARCH = YES;
				SDKROOT = iphoneos;
				SWIFT_ACTIVE_COMPILATION_CONDITIONS = DEBUG;
				SWIFT_OPTIMIZATION_LEVEL = "-Onone";
			};
			name = Debug;
		};
		F8830A59280E2377004090AC /* Release */ = {
			isa = XCBuildConfiguration;
			buildSettings = {
				ALWAYS_SEARCH_USER_PATHS = NO;
				CLANG_ANALYZER_NONNULL = YES;
				CLANG_ANALYZER_NUMBER_OBJECT_CONVERSION = YES_AGGRESSIVE;
				CLANG_CXX_LANGUAGE_STANDARD = "gnu++17";
				CLANG_CXX_LIBRARY = "libc++";
				CLANG_ENABLE_MODULES = YES;
				CLANG_ENABLE_OBJC_ARC = YES;
				CLANG_ENABLE_OBJC_WEAK = YES;
				CLANG_WARN_BLOCK_CAPTURE_AUTORELEASING = YES;
				CLANG_WARN_BOOL_CONVERSION = YES;
				CLANG_WARN_COMMA = YES;
				CLANG_WARN_CONSTANT_CONVERSION = YES;
				CLANG_WARN_DEPRECATED_OBJC_IMPLEMENTATIONS = YES;
				CLANG_WARN_DIRECT_OBJC_ISA_USAGE = YES_ERROR;
				CLANG_WARN_DOCUMENTATION_COMMENTS = YES;
				CLANG_WARN_EMPTY_BODY = YES;
				CLANG_WARN_ENUM_CONVERSION = YES;
				CLANG_WARN_INFINITE_RECURSION = YES;
				CLANG_WARN_INT_CONVERSION = YES;
				CLANG_WARN_NON_LITERAL_NULL_CONVERSION = YES;
				CLANG_WARN_OBJC_IMPLICIT_RETAIN_SELF = YES;
				CLANG_WARN_OBJC_LITERAL_CONVERSION = YES;
				CLANG_WARN_OBJC_ROOT_CLASS = YES_ERROR;
				CLANG_WARN_QUOTED_INCLUDE_IN_FRAMEWORK_HEADER = YES;
				CLANG_WARN_RANGE_LOOP_ANALYSIS = YES;
				CLANG_WARN_STRICT_PROTOTYPES = YES;
				CLANG_WARN_SUSPICIOUS_MOVE = YES;
				CLANG_WARN_UNGUARDED_AVAILABILITY = YES_AGGRESSIVE;
				CLANG_WARN_UNREACHABLE_CODE = YES;
				CLANG_WARN__DUPLICATE_METHOD_MATCH = YES;
				COPY_PHASE_STRIP = NO;
				DEBUG_INFORMATION_FORMAT = "dwarf-with-dsym";
				ENABLE_NS_ASSERTIONS = NO;
				ENABLE_STRICT_OBJC_MSGSEND = YES;
				GCC_C_LANGUAGE_STANDARD = gnu11;
				GCC_NO_COMMON_BLOCKS = YES;
				GCC_WARN_64_TO_32_BIT_CONVERSION = YES;
				GCC_WARN_ABOUT_RETURN_TYPE = YES_ERROR;
				GCC_WARN_UNDECLARED_SELECTOR = YES;
				GCC_WARN_UNINITIALIZED_AUTOS = YES_AGGRESSIVE;
				GCC_WARN_UNUSED_FUNCTION = YES;
				GCC_WARN_UNUSED_VARIABLE = YES;
				IPHONEOS_DEPLOYMENT_TARGET = 15.2;
				MTL_ENABLE_DEBUG_INFO = NO;
				MTL_FAST_MATH = YES;
				SDKROOT = iphoneos;
				SWIFT_COMPILATION_MODE = wholemodule;
				SWIFT_OPTIMIZATION_LEVEL = "-O";
				VALIDATE_PRODUCT = YES;
			};
			name = Release;
		};
		F8830A5B280E2377004090AC /* Debug */ = {
			isa = XCBuildConfiguration;
			buildSettings = {
				ASSETCATALOG_COMPILER_APPICON_NAME = AppIcon;
				ASSETCATALOG_COMPILER_GLOBAL_ACCENT_COLOR_NAME = AccentColor;
				CODE_SIGN_STYLE = Automatic;
				CURRENT_PROJECT_VERSION = 1;
				DEVELOPMENT_TEAM = UUW7T38LGA;
				GENERATE_INFOPLIST_FILE = YES;
				INFOPLIST_FILE = "Messager-Native-Device/Info.plist";
				INFOPLIST_KEY_CFBundleDisplayName = Messager;
				INFOPLIST_KEY_NSCameraUsageDescription = "Please allow access to take a profile picture";
				INFOPLIST_KEY_NSPhotoLibraryAddUsageDescription = "Please allow access to select a photo for your profile";
				INFOPLIST_KEY_UIApplicationSupportsIndirectInputEvents = YES;
				INFOPLIST_KEY_UILaunchStoryboardName = LaunchScreen;
				INFOPLIST_KEY_UIMainStoryboardFile = Main;
				INFOPLIST_KEY_UISupportedInterfaceOrientations = UIInterfaceOrientationPortrait;
				INFOPLIST_KEY_UISupportedInterfaceOrientations_iPad = "UIInterfaceOrientationPortrait UIInterfaceOrientationPortraitUpsideDown";
				INFOPLIST_KEY_UISupportedInterfaceOrientations_iPhone = "UIInterfaceOrientationPortrait UIInterfaceOrientationLandscapeLeft UIInterfaceOrientationLandscapeRight";
				IPHONEOS_DEPLOYMENT_TARGET = 13.5;
				LD_RUNPATH_SEARCH_PATHS = (
					"$(inherited)",
					"@executable_path/Frameworks",
				);
				MARKETING_VERSION = 1.0;
				PRODUCT_BUNDLE_IDENTIFIER = "Emulador-iPhone.Messager-Native-Device";
				PRODUCT_NAME = "$(TARGET_NAME)";
				SWIFT_EMIT_LOC_STRINGS = YES;
				SWIFT_VERSION = 5.0;
				TARGETED_DEVICE_FAMILY = "1,2";
			};
			name = Debug;
		};
		F8830A5C280E2377004090AC /* Release */ = {
			isa = XCBuildConfiguration;
			buildSettings = {
				ASSETCATALOG_COMPILER_APPICON_NAME = AppIcon;
				ASSETCATALOG_COMPILER_GLOBAL_ACCENT_COLOR_NAME = AccentColor;
				CODE_SIGN_STYLE = Automatic;
				CURRENT_PROJECT_VERSION = 1;
				DEVELOPMENT_TEAM = UUW7T38LGA;
				GENERATE_INFOPLIST_FILE = YES;
				INFOPLIST_FILE = "Messager-Native-Device/Info.plist";
				INFOPLIST_KEY_CFBundleDisplayName = Messager;
				INFOPLIST_KEY_NSCameraUsageDescription = "Please allow access to take a profile picture";
				INFOPLIST_KEY_NSPhotoLibraryAddUsageDescription = "Please allow access to select a photo for your profile";
				INFOPLIST_KEY_UIApplicationSupportsIndirectInputEvents = YES;
				INFOPLIST_KEY_UILaunchStoryboardName = LaunchScreen;
				INFOPLIST_KEY_UIMainStoryboardFile = Main;
				INFOPLIST_KEY_UISupportedInterfaceOrientations = UIInterfaceOrientationPortrait;
				INFOPLIST_KEY_UISupportedInterfaceOrientations_iPad = "UIInterfaceOrientationPortrait UIInterfaceOrientationPortraitUpsideDown";
				INFOPLIST_KEY_UISupportedInterfaceOrientations_iPhone = "UIInterfaceOrientationPortrait UIInterfaceOrientationLandscapeLeft UIInterfaceOrientationLandscapeRight";
				IPHONEOS_DEPLOYMENT_TARGET = 13.5;
				LD_RUNPATH_SEARCH_PATHS = (
					"$(inherited)",
					"@executable_path/Frameworks",
				);
				MARKETING_VERSION = 1.0;
				PRODUCT_BUNDLE_IDENTIFIER = "Emulador-iPhone.Messager-Native-Device";
				PRODUCT_NAME = "$(TARGET_NAME)";
				SWIFT_EMIT_LOC_STRINGS = YES;
				SWIFT_VERSION = 5.0;
				TARGETED_DEVICE_FAMILY = "1,2";
			};
			name = Release;
		};
/* End XCBuildConfiguration section */

/* Begin XCConfigurationList section */
		F8830A41280E2375004090AC /* Build configuration list for PBXProject "Messager-Native-Device" */ = {
			isa = XCConfigurationList;
			buildConfigurations = (
				F8830A58280E2377004090AC /* Debug */,
				F8830A59280E2377004090AC /* Release */,
			);
			defaultConfigurationIsVisible = 0;
			defaultConfigurationName = Release;
		};
		F8830A5A280E2377004090AC /* Build configuration list for PBXNativeTarget "Messager-Native-Device" */ = {
			isa = XCConfigurationList;
			buildConfigurations = (
				F8830A5B280E2377004090AC /* Debug */,
				F8830A5C280E2377004090AC /* Release */,
			);
			defaultConfigurationIsVisible = 0;
			defaultConfigurationName = Release;
		};
/* End XCConfigurationList section */
	};
	rootObject = F8830A3E280E2375004090AC /* Project object */;
}
